
Microsoft Visual Studio Solution File, Format Version 12.00
# Visual Studio Version 16
VisualStudioVersion = 16.0.31112.23
MinimumVisualStudioVersion = 10.0.40219.1
Project("{9A19103F-16F7-4668-BE54-9A1E7A4F7556}") = "EntradaDeDados", "EntradaDeDados\EntradaDeDados.csproj", "{D0B6E85A-11BA-422A-AE89-8DDFEF10ADB7}"
EndProject
Project("{9A19103F-16F7-4668-BE54-9A1E7A4F7556}") = "While", "While\While.csproj", "{0BA20D73-B564-411B-BC92-C541CD9C3776}"
EndProject
Project("{9A19103F-16F7-4668-BE54-9A1E7A4F7556}") = "For", "For\For.csproj", "{AB207F1F-BE58-4F51-AB9B-260B7FD2DDA3}"
EndProject
Project("{2150E333-8FDC-42A3-9474-1A3956D46DE8}") = "ClassesAtributosMetodos", "ClassesAtributosMetodos", "{C4A27E70-A9B1-4C07-88CE-CA5DBC33B3DF}"
EndProject
Project("{9A19103F-16F7-4668-BE54-9A1E7A4F7556}") = "Exercicio3", "Exercicio3\Exercicio3.csproj", "{6B90BFFA-CA6E-4FC1-8485-C2C11E1E0017}"
EndProject
Project("{9A19103F-16F7-4668-BE54-9A1E7A4F7556}") = "Exercicio4", "Exercicio4\Exercicio4.csproj", "{B4037F14-2AA3-44AD-B1CC-916BDD147918}"
EndProject
Project("{9A19103F-16F7-4668-BE54-9A1E7A4F7556}") = "Exercicio5", "Exercicio5\Exercicio5.csproj", "{80449B18-8267-4EC4-82CD-A194DF41FB68}"
EndProject
Project("{2150E333-8FDC-42A3-9474-1A3956D46DE8}") = "Vetores", "Vetores", "{8025F504-421D-4876-B281-BB28B02502A5}"
EndProject
Project("{9A19103F-16F7-4668-BE54-9A1E7A4F7556}") = "ListasExercicio", "ListasExercicio\ListasExercicio.csproj", "{921C0971-C007-4D6F-B3E1-1E1E9A7313F0}"
EndProject
Project("{9A19103F-16F7-4668-BE54-9A1E7A4F7556}") = "Enumerate", "Enumerate\Enumerate.csproj", "{F4F842AE-4189-4B68-A82B-3F6C050924B8}"
EndProject
Project("{9A19103F-16F7-4668-BE54-9A1E7A4F7556}") = "EnumsComposition", "EnumsComposition\EnumsComposition.csproj", "{983E30D7-417D-4E45-9E1A-FEBA712BD3EC}"
EndProject
Project("{9A19103F-16F7-4668-BE54-9A1E7A4F7556}") = "Herança_Polimorfismo", "Herança_Polimorfismo\Herança_Polimorfismo.csproj", "{FEB26EC6-4629-4F47-A746-261BCBC24196}"
EndProject
Project("{9A19103F-16F7-4668-BE54-9A1E7A4F7556}") = "ClasseAbstrata", "ClasseAbstrata\ClasseAbstrata.csproj", "{6E616B13-4BF1-41D0-B134-CB23E4F4E21D}"
EndProject
Project("{9A19103F-16F7-4668-BE54-9A1E7A4F7556}") = "TratamentoExcecoes", "TratamentoExcecoes\TratamentoExcecoes.csproj", "{212C3FA4-140E-4E7B-B52D-AFC40BE9A22C}"
EndProject
Project("{9A19103F-16F7-4668-BE54-9A1E7A4F7556}") = "TratamentoExcecoes_Exercicio", "TratamentoExcecoes_Exercicio\TratamentoExcecoes_Exercicio.csproj", "{5A32E1C8-39A1-4744-A5DD-BA78329786D8}"
EndProject
Project("{9A19103F-16F7-4668-BE54-9A1E7A4F7556}") = "Arquivos", "Arquivos\Arquivos.csproj", "{94F7FCB1-3BA3-45F3-892E-1DDA7E5BCE1E}"
EndProject
Project("{9A19103F-16F7-4668-BE54-9A1E7A4F7556}") = "ExerciciosDeArquivos", "ExerciciosDeArquivos\ExerciciosDeArquivos.csproj", "{6ACBB70E-E47C-4590-8B0D-E7EEB8F6169A}"
EndProject
Project("{9A19103F-16F7-4668-BE54-9A1E7A4F7556}") = "ArquivosFileStream_StreamReader", "ArquivosFileStream_StreamReader\ArquivosFileStream_StreamReader.csproj", "{617B331A-E7C6-4802-8D0C-D49D0A8F433F}"
EndProject
Project("{9A19103F-16F7-4668-BE54-9A1E7A4F7556}") = "Arquivos_BlocoUsing", "Arquivos_BlocoUsing\Arquivos_BlocoUsing.csproj", "{2FFACB9C-A284-43D3-AFCB-3828AD18E531}"
EndProject
Project("{9A19103F-16F7-4668-BE54-9A1E7A4F7556}") = "Exercicio_BlocoUsing", "Exercicio_BlocoUsing\Exercicio_BlocoUsing.csproj", "{00F55323-43F7-4284-BC21-2081F95FF11C}"
EndProject
Project("{9A19103F-16F7-4668-BE54-9A1E7A4F7556}") = "Arquivos_StreamWriter", "Arquivos_StreamWriter\Arquivos_StreamWriter.csproj", "{2D7B0C97-FC62-4663-83C1-4F5F6D88978E}"
EndProject
Project("{9A19103F-16F7-4668-BE54-9A1E7A4F7556}") = "Arquivos_Directory_DirectoryInfo", "Arquivos_Directory_DirectoryInfo\Arquivos_Directory_DirectoryInfo.csproj", "{4CEE67CC-F8BF-4763-935F-888F1BCBCF74}"
EndProject
Project("{9A19103F-16F7-4668-BE54-9A1E7A4F7556}") = "ExercicioFixacao_Arquivos", "ExercicioFixacao_Arquivos\ExercicioFixacao_Arquivos.csproj", "{1C13E5E5-A90D-45EC-90B9-A7552E554545}"
EndProject
Project("{9A19103F-16F7-4668-BE54-9A1E7A4F7556}") = "ExercicioFix_Arquivos", "ExercicioFix_Arquivos\ExercicioFix_Arquivos.csproj", "{168D25FB-177C-4EA8-A6A4-B486E2F7F130}"
EndProject
Project("{2150E333-8FDC-42A3-9474-1A3956D46DE8}") = "Conjuntos", "Conjuntos", "{F206B6E8-E530-4478-8026-6F414C8AE425}"
EndProject
Project("{9A19103F-16F7-4668-BE54-9A1E7A4F7556}") = "ExercicioFix_Conjunto", "ExercicioFix_Conjunto\ExercicioFix_Conjunto.csproj", "{295DD79E-2F33-4B61-8440-6B79F3EC9F97}"
EndProject
Project("{9A19103F-16F7-4668-BE54-9A1E7A4F7556}") = "Exercicio1", "Exercicio1\Exercicio1.csproj", "{755E8722-6BD2-43BD-9E5A-8C35745A0881}"
EndProject
Project("{9A19103F-16F7-4668-BE54-9A1E7A4F7556}") = "Delegates_Exemplo1", "Delegates_Exemplo1\Delegates_Exemplo1.csproj", "{40DE637F-F25F-4A3E-8BD3-A65919545DFE}"
EndProject
Project("{9A19103F-16F7-4668-BE54-9A1E7A4F7556}") = "Predicate", "Predicate\Predicate.csproj", "{EA3C2BAE-B27E-4C04-AEB3-EF9EFF5B57AE}"
EndProject
Project("{9A19103F-16F7-4668-BE54-9A1E7A4F7556}") = "Action", "Action\Action.csproj", "{2AA74AAB-D4F4-48D8-9453-6CB474501F43}"
EndProject
Project("{9A19103F-16F7-4668-BE54-9A1E7A4F7556}") = "Delegate_Func", "Delegate_Func\Delegate_Func.csproj", "{5BC1C3F2-4412-4042-B547-CED268C82EEC}"
EndProject
Project("{2150E333-8FDC-42A3-9474-1A3956D46DE8}") = "LINQ - Consulta Integrada a Linguagens", "LINQ - Consulta Integrada a Linguagens", "{DCFF9468-571A-43C3-9ABC-D1AF2FF228C9}"
EndProject
Project("{9A19103F-16F7-4668-BE54-9A1E7A4F7556}") = "Exercicio_Fixacao", "Exercicio_Fixacao\Exercicio_Fixacao.csproj", "{901B3FC3-45FB-4738-983B-FBC4F9E326FE}"
EndProject
Project("{FAE04EC0-301F-11D3-BF4B-00C04F79EFBC}") = "Exercicio_Interface", "Exercicio_Interface\Exercicio_Interface.csproj", "{6C680091-EBD3-485C-B06A-58DE4982CC39}"
EndProject
Project("{FAE04EC0-301F-11D3-BF4B-00C04F79EFBC}") = "Generics", "Generics\Generics.csproj", "{62D63139-8A66-4610-B021-DCACF4850B8E}"
EndProject
Project("{FAE04EC0-301F-11D3-BF4B-00C04F79EFBC}") = "Conjunto_ExercicioExemplo", "Conjunto_ExercicioExemplo\Conjunto_ExercicioExemplo.csproj", "{9A788AED-B6E5-4B7E-8E24-1B795D5E4FED}"
EndProject
Global
	GlobalSection(SolutionConfigurationPlatforms) = preSolution
		Debug|Any CPU = Debug|Any CPU
		Release|Any CPU = Release|Any CPU
	EndGlobalSection
	GlobalSection(ProjectConfigurationPlatforms) = postSolution
		{D0B6E85A-11BA-422A-AE89-8DDFEF10ADB7}.Debug|Any CPU.ActiveCfg = Debug|Any CPU
		{D0B6E85A-11BA-422A-AE89-8DDFEF10ADB7}.Debug|Any CPU.Build.0 = Debug|Any CPU
		{D0B6E85A-11BA-422A-AE89-8DDFEF10ADB7}.Release|Any CPU.ActiveCfg = Release|Any CPU
		{D0B6E85A-11BA-422A-AE89-8DDFEF10ADB7}.Release|Any CPU.Build.0 = Release|Any CPU
		{0BA20D73-B564-411B-BC92-C541CD9C3776}.Debug|Any CPU.ActiveCfg = Debug|Any CPU
		{0BA20D73-B564-411B-BC92-C541CD9C3776}.Debug|Any CPU.Build.0 = Debug|Any CPU
		{0BA20D73-B564-411B-BC92-C541CD9C3776}.Release|Any CPU.ActiveCfg = Release|Any CPU
		{0BA20D73-B564-411B-BC92-C541CD9C3776}.Release|Any CPU.Build.0 = Release|Any CPU
		{AB207F1F-BE58-4F51-AB9B-260B7FD2DDA3}.Debug|Any CPU.ActiveCfg = Debug|Any CPU
		{AB207F1F-BE58-4F51-AB9B-260B7FD2DDA3}.Debug|Any CPU.Build.0 = Debug|Any CPU
		{AB207F1F-BE58-4F51-AB9B-260B7FD2DDA3}.Release|Any CPU.ActiveCfg = Release|Any CPU
		{AB207F1F-BE58-4F51-AB9B-260B7FD2DDA3}.Release|Any CPU.Build.0 = Release|Any CPU
		{6B90BFFA-CA6E-4FC1-8485-C2C11E1E0017}.Debug|Any CPU.ActiveCfg = Debug|Any CPU
		{6B90BFFA-CA6E-4FC1-8485-C2C11E1E0017}.Debug|Any CPU.Build.0 = Debug|Any CPU
		{6B90BFFA-CA6E-4FC1-8485-C2C11E1E0017}.Release|Any CPU.ActiveCfg = Release|Any CPU
		{6B90BFFA-CA6E-4FC1-8485-C2C11E1E0017}.Release|Any CPU.Build.0 = Release|Any CPU
		{B4037F14-2AA3-44AD-B1CC-916BDD147918}.Debug|Any CPU.ActiveCfg = Debug|Any CPU
		{B4037F14-2AA3-44AD-B1CC-916BDD147918}.Debug|Any CPU.Build.0 = Debug|Any CPU
		{B4037F14-2AA3-44AD-B1CC-916BDD147918}.Release|Any CPU.ActiveCfg = Release|Any CPU
		{B4037F14-2AA3-44AD-B1CC-916BDD147918}.Release|Any CPU.Build.0 = Release|Any CPU
		{80449B18-8267-4EC4-82CD-A194DF41FB68}.Debug|Any CPU.ActiveCfg = Debug|Any CPU
		{80449B18-8267-4EC4-82CD-A194DF41FB68}.Debug|Any CPU.Build.0 = Debug|Any CPU
		{80449B18-8267-4EC4-82CD-A194DF41FB68}.Release|Any CPU.ActiveCfg = Release|Any CPU
		{80449B18-8267-4EC4-82CD-A194DF41FB68}.Release|Any CPU.Build.0 = Release|Any CPU
		{921C0971-C007-4D6F-B3E1-1E1E9A7313F0}.Debug|Any CPU.ActiveCfg = Debug|Any CPU
		{921C0971-C007-4D6F-B3E1-1E1E9A7313F0}.Debug|Any CPU.Build.0 = Debug|Any CPU
		{921C0971-C007-4D6F-B3E1-1E1E9A7313F0}.Release|Any CPU.ActiveCfg = Release|Any CPU
		{921C0971-C007-4D6F-B3E1-1E1E9A7313F0}.Release|Any CPU.Build.0 = Release|Any CPU
		{F4F842AE-4189-4B68-A82B-3F6C050924B8}.Debug|Any CPU.ActiveCfg = Debug|Any CPU
		{F4F842AE-4189-4B68-A82B-3F6C050924B8}.Debug|Any CPU.Build.0 = Debug|Any CPU
		{F4F842AE-4189-4B68-A82B-3F6C050924B8}.Release|Any CPU.ActiveCfg = Release|Any CPU
		{F4F842AE-4189-4B68-A82B-3F6C050924B8}.Release|Any CPU.Build.0 = Release|Any CPU
		{983E30D7-417D-4E45-9E1A-FEBA712BD3EC}.Debug|Any CPU.ActiveCfg = Debug|Any CPU
		{983E30D7-417D-4E45-9E1A-FEBA712BD3EC}.Debug|Any CPU.Build.0 = Debug|Any CPU
		{983E30D7-417D-4E45-9E1A-FEBA712BD3EC}.Release|Any CPU.ActiveCfg = Release|Any CPU
		{983E30D7-417D-4E45-9E1A-FEBA712BD3EC}.Release|Any CPU.Build.0 = Release|Any CPU
		{FEB26EC6-4629-4F47-A746-261BCBC24196}.Debug|Any CPU.ActiveCfg = Debug|Any CPU
		{FEB26EC6-4629-4F47-A746-261BCBC24196}.Debug|Any CPU.Build.0 = Debug|Any CPU
		{FEB26EC6-4629-4F47-A746-261BCBC24196}.Release|Any CPU.ActiveCfg = Release|Any CPU
		{FEB26EC6-4629-4F47-A746-261BCBC24196}.Release|Any CPU.Build.0 = Release|Any CPU
		{6E616B13-4BF1-41D0-B134-CB23E4F4E21D}.Debug|Any CPU.ActiveCfg = Debug|Any CPU
		{6E616B13-4BF1-41D0-B134-CB23E4F4E21D}.Debug|Any CPU.Build.0 = Debug|Any CPU
		{6E616B13-4BF1-41D0-B134-CB23E4F4E21D}.Release|Any CPU.ActiveCfg = Release|Any CPU
		{6E616B13-4BF1-41D0-B134-CB23E4F4E21D}.Release|Any CPU.Build.0 = Release|Any CPU
		{212C3FA4-140E-4E7B-B52D-AFC40BE9A22C}.Debug|Any CPU.ActiveCfg = Debug|Any CPU
		{212C3FA4-140E-4E7B-B52D-AFC40BE9A22C}.Debug|Any CPU.Build.0 = Debug|Any CPU
		{212C3FA4-140E-4E7B-B52D-AFC40BE9A22C}.Release|Any CPU.ActiveCfg = Release|Any CPU
		{212C3FA4-140E-4E7B-B52D-AFC40BE9A22C}.Release|Any CPU.Build.0 = Release|Any CPU
		{5A32E1C8-39A1-4744-A5DD-BA78329786D8}.Debug|Any CPU.ActiveCfg = Debug|Any CPU
		{5A32E1C8-39A1-4744-A5DD-BA78329786D8}.Debug|Any CPU.Build.0 = Debug|Any CPU
		{5A32E1C8-39A1-4744-A5DD-BA78329786D8}.Release|Any CPU.ActiveCfg = Release|Any CPU
		{5A32E1C8-39A1-4744-A5DD-BA78329786D8}.Release|Any CPU.Build.0 = Release|Any CPU
		{94F7FCB1-3BA3-45F3-892E-1DDA7E5BCE1E}.Debug|Any CPU.ActiveCfg = Debug|Any CPU
		{94F7FCB1-3BA3-45F3-892E-1DDA7E5BCE1E}.Debug|Any CPU.Build.0 = Debug|Any CPU
		{94F7FCB1-3BA3-45F3-892E-1DDA7E5BCE1E}.Release|Any CPU.ActiveCfg = Release|Any CPU
		{94F7FCB1-3BA3-45F3-892E-1DDA7E5BCE1E}.Release|Any CPU.Build.0 = Release|Any CPU
		{6ACBB70E-E47C-4590-8B0D-E7EEB8F6169A}.Debug|Any CPU.ActiveCfg = Debug|Any CPU
		{6ACBB70E-E47C-4590-8B0D-E7EEB8F6169A}.Debug|Any CPU.Build.0 = Debug|Any CPU
		{6ACBB70E-E47C-4590-8B0D-E7EEB8F6169A}.Release|Any CPU.ActiveCfg = Release|Any CPU
		{6ACBB70E-E47C-4590-8B0D-E7EEB8F6169A}.Release|Any CPU.Build.0 = Release|Any CPU
		{617B331A-E7C6-4802-8D0C-D49D0A8F433F}.Debug|Any CPU.ActiveCfg = Debug|Any CPU
		{617B331A-E7C6-4802-8D0C-D49D0A8F433F}.Debug|Any CPU.Build.0 = Debug|Any CPU
		{617B331A-E7C6-4802-8D0C-D49D0A8F433F}.Release|Any CPU.ActiveCfg = Release|Any CPU
		{617B331A-E7C6-4802-8D0C-D49D0A8F433F}.Release|Any CPU.Build.0 = Release|Any CPU
		{2FFACB9C-A284-43D3-AFCB-3828AD18E531}.Debug|Any CPU.ActiveCfg = Debug|Any CPU
		{2FFACB9C-A284-43D3-AFCB-3828AD18E531}.Debug|Any CPU.Build.0 = Debug|Any CPU
		{2FFACB9C-A284-43D3-AFCB-3828AD18E531}.Release|Any CPU.ActiveCfg = Release|Any CPU
		{2FFACB9C-A284-43D3-AFCB-3828AD18E531}.Release|Any CPU.Build.0 = Release|Any CPU
		{00F55323-43F7-4284-BC21-2081F95FF11C}.Debug|Any CPU.ActiveCfg = Debug|Any CPU
		{00F55323-43F7-4284-BC21-2081F95FF11C}.Debug|Any CPU.Build.0 = Debug|Any CPU
		{00F55323-43F7-4284-BC21-2081F95FF11C}.Release|Any CPU.ActiveCfg = Release|Any CPU
		{00F55323-43F7-4284-BC21-2081F95FF11C}.Release|Any CPU.Build.0 = Release|Any CPU
		{2D7B0C97-FC62-4663-83C1-4F5F6D88978E}.Debug|Any CPU.ActiveCfg = Debug|Any CPU
		{2D7B0C97-FC62-4663-83C1-4F5F6D88978E}.Debug|Any CPU.Build.0 = Debug|Any CPU
		{2D7B0C97-FC62-4663-83C1-4F5F6D88978E}.Release|Any CPU.ActiveCfg = Release|Any CPU
		{2D7B0C97-FC62-4663-83C1-4F5F6D88978E}.Release|Any CPU.Build.0 = Release|Any CPU
		{4CEE67CC-F8BF-4763-935F-888F1BCBCF74}.Debug|Any CPU.ActiveCfg = Debug|Any CPU
		{4CEE67CC-F8BF-4763-935F-888F1BCBCF74}.Debug|Any CPU.Build.0 = Debug|Any CPU
		{4CEE67CC-F8BF-4763-935F-888F1BCBCF74}.Release|Any CPU.ActiveCfg = Release|Any CPU
		{4CEE67CC-F8BF-4763-935F-888F1BCBCF74}.Release|Any CPU.Build.0 = Release|Any CPU
		{1C13E5E5-A90D-45EC-90B9-A7552E554545}.Debug|Any CPU.ActiveCfg = Debug|Any CPU
		{1C13E5E5-A90D-45EC-90B9-A7552E554545}.Debug|Any CPU.Build.0 = Debug|Any CPU
		{1C13E5E5-A90D-45EC-90B9-A7552E554545}.Release|Any CPU.ActiveCfg = Release|Any CPU
		{1C13E5E5-A90D-45EC-90B9-A7552E554545}.Release|Any CPU.Build.0 = Release|Any CPU
		{168D25FB-177C-4EA8-A6A4-B486E2F7F130}.Debug|Any CPU.ActiveCfg = Debug|Any CPU
		{168D25FB-177C-4EA8-A6A4-B486E2F7F130}.Debug|Any CPU.Build.0 = Debug|Any CPU
		{168D25FB-177C-4EA8-A6A4-B486E2F7F130}.Release|Any CPU.ActiveCfg = Release|Any CPU
		{168D25FB-177C-4EA8-A6A4-B486E2F7F130}.Release|Any CPU.Build.0 = Release|Any CPU
		{295DD79E-2F33-4B61-8440-6B79F3EC9F97}.Debug|Any CPU.ActiveCfg = Debug|Any CPU
		{295DD79E-2F33-4B61-8440-6B79F3EC9F97}.Debug|Any CPU.Build.0 = Debug|Any CPU
		{295DD79E-2F33-4B61-8440-6B79F3EC9F97}.Release|Any CPU.ActiveCfg = Release|Any CPU
		{295DD79E-2F33-4B61-8440-6B79F3EC9F97}.Release|Any CPU.Build.0 = Release|Any CPU
		{755E8722-6BD2-43BD-9E5A-8C35745A0881}.Debug|Any CPU.ActiveCfg = Debug|Any CPU
		{755E8722-6BD2-43BD-9E5A-8C35745A0881}.Debug|Any CPU.Build.0 = Debug|Any CPU
		{755E8722-6BD2-43BD-9E5A-8C35745A0881}.Release|Any CPU.ActiveCfg = Release|Any CPU
		{755E8722-6BD2-43BD-9E5A-8C35745A0881}.Release|Any CPU.Build.0 = Release|Any CPU
		{40DE637F-F25F-4A3E-8BD3-A65919545DFE}.Debug|Any CPU.ActiveCfg = Debug|Any CPU
		{40DE637F-F25F-4A3E-8BD3-A65919545DFE}.Debug|Any CPU.Build.0 = Debug|Any CPU
		{40DE637F-F25F-4A3E-8BD3-A65919545DFE}.Release|Any CPU.ActiveCfg = Release|Any CPU
		{40DE637F-F25F-4A3E-8BD3-A65919545DFE}.Release|Any CPU.Build.0 = Release|Any CPU
		{EA3C2BAE-B27E-4C04-AEB3-EF9EFF5B57AE}.Debug|Any CPU.ActiveCfg = Debug|Any CPU
		{EA3C2BAE-B27E-4C04-AEB3-EF9EFF5B57AE}.Debug|Any CPU.Build.0 = Debug|Any CPU
		{EA3C2BAE-B27E-4C04-AEB3-EF9EFF5B57AE}.Release|Any CPU.ActiveCfg = Release|Any CPU
		{EA3C2BAE-B27E-4C04-AEB3-EF9EFF5B57AE}.Release|Any CPU.Build.0 = Release|Any CPU
		{2AA74AAB-D4F4-48D8-9453-6CB474501F43}.Debug|Any CPU.ActiveCfg = Debug|Any CPU
		{2AA74AAB-D4F4-48D8-9453-6CB474501F43}.Debug|Any CPU.Build.0 = Debug|Any CPU
		{2AA74AAB-D4F4-48D8-9453-6CB474501F43}.Release|Any CPU.ActiveCfg = Release|Any CPU
		{2AA74AAB-D4F4-48D8-9453-6CB474501F43}.Release|Any CPU.Build.0 = Release|Any CPU
		{5BC1C3F2-4412-4042-B547-CED268C82EEC}.Debug|Any CPU.ActiveCfg = Debug|Any CPU
		{5BC1C3F2-4412-4042-B547-CED268C82EEC}.Debug|Any CPU.Build.0 = Debug|Any CPU
		{5BC1C3F2-4412-4042-B547-CED268C82EEC}.Release|Any CPU.ActiveCfg = Release|Any CPU
		{5BC1C3F2-4412-4042-B547-CED268C82EEC}.Release|Any CPU.Build.0 = Release|Any CPU
		{901B3FC3-45FB-4738-983B-FBC4F9E326FE}.Debug|Any CPU.ActiveCfg = Debug|Any CPU
		{901B3FC3-45FB-4738-983B-FBC4F9E326FE}.Debug|Any CPU.Build.0 = Debug|Any CPU
		{901B3FC3-45FB-4738-983B-FBC4F9E326FE}.Release|Any CPU.ActiveCfg = Release|Any CPU
		{901B3FC3-45FB-4738-983B-FBC4F9E326FE}.Release|Any CPU.Build.0 = Release|Any CPU
		{6C680091-EBD3-485C-B06A-58DE4982CC39}.Debug|Any CPU.ActiveCfg = Debug|Any CPU
		{6C680091-EBD3-485C-B06A-58DE4982CC39}.Debug|Any CPU.Build.0 = Debug|Any CPU
		{6C680091-EBD3-485C-B06A-58DE4982CC39}.Release|Any CPU.ActiveCfg = Release|Any CPU
		{6C680091-EBD3-485C-B06A-58DE4982CC39}.Release|Any CPU.Build.0 = Release|Any CPU
		{62D63139-8A66-4610-B021-DCACF4850B8E}.Debug|Any CPU.ActiveCfg = Debug|Any CPU
		{62D63139-8A66-4610-B021-DCACF4850B8E}.Debug|Any CPU.Build.0 = Debug|Any CPU
		{62D63139-8A66-4610-B021-DCACF4850B8E}.Release|Any CPU.ActiveCfg = Release|Any CPU
		{62D63139-8A66-4610-B021-DCACF4850B8E}.Release|Any CPU.Build.0 = Release|Any CPU
		{9A788AED-B6E5-4B7E-8E24-1B795D5E4FED}.Debug|Any CPU.ActiveCfg = Debug|Any CPU
		{9A788AED-B6E5-4B7E-8E24-1B795D5E4FED}.Debug|Any CPU.Build.0 = Debug|Any CPU
		{9A788AED-B6E5-4B7E-8E24-1B795D5E4FED}.Release|Any CPU.ActiveCfg = Release|Any CPU
		{9A788AED-B6E5-4B7E-8E24-1B795D5E4FED}.Release|Any CPU.Build.0 = Release|Any CPU
	EndGlobalSection
	GlobalSection(SolutionProperties) = preSolution
		HideSolutionNode = FALSE
	EndGlobalSection
	GlobalSection(NestedProjects) = preSolution
		{6B90BFFA-CA6E-4FC1-8485-C2C11E1E0017} = {C4A27E70-A9B1-4C07-88CE-CA5DBC33B3DF}
		{B4037F14-2AA3-44AD-B1CC-916BDD147918} = {C4A27E70-A9B1-4C07-88CE-CA5DBC33B3DF}
		{80449B18-8267-4EC4-82CD-A194DF41FB68} = {C4A27E70-A9B1-4C07-88CE-CA5DBC33B3DF}
		{1C13E5E5-A90D-45EC-90B9-A7552E554545} = {C4A27E70-A9B1-4C07-88CE-CA5DBC33B3DF}
		{295DD79E-2F33-4B61-8440-6B79F3EC9F97} = {F206B6E8-E530-4478-8026-6F414C8AE425}
		{755E8722-6BD2-43BD-9E5A-8C35745A0881} = {8025F504-421D-4876-B281-BB28B02502A5}
		{901B3FC3-45FB-4738-983B-FBC4F9E326FE} = {DCFF9468-571A-43C3-9ABC-D1AF2FF228C9}
	EndGlobalSection
	GlobalSection(ExtensibilityGlobals) = postSolution
		SolutionGuid = {72AFEA1F-1B29-47A4-B650-D6B2D2694A39}
	EndGlobalSection
EndGlobal
